
Microsoft Visual Studio Solution File, Format Version 12.00
# Visual Studio Version 16
VisualStudioVersion = 16.0.29519.181
MinimumVisualStudioVersion = 10.0.40219.1
Project("{2150E333-8FDC-42A3-9474-1A3956D46DE8}") = "Management", "Management", "{D395936B-8DB1-4A0F-A4DD-4BE8D910F20D}"
EndProject
Project("{2150E333-8FDC-42A3-9474-1A3956D46DE8}") = "Clients", "Clients", "{E1FC629F-0F17-402D-87B3-22C399ED1A1E}"
EndProject
Project("{9A19103F-16F7-4668-BE54-9A1E7A4F7556}") = "BBDProject.Management.WebApp", "Management\BBDProject.Management.WebApp\BBDProject.Management.WebApp.csproj", "{28DFE801-D271-4F71-A7BC-75D560B59037}"
EndProject
Project("{2150E333-8FDC-42A3-9474-1A3956D46DE8}") = "Shared", "Shared", "{723E211D-5BE9-4B6C-8F9D-CFCAAC8D3F4D}"
EndProject
Project("{9A19103F-16F7-4668-BE54-9A1E7A4F7556}") = "BBDProject.Management.Services", "Management\BBDProject.Management.Services\BBDProject.Management.Services.csproj", "{D2814BD2-08D2-4EAE-9459-2011C480B8E5}"
EndProject
Project("{9A19103F-16F7-4668-BE54-9A1E7A4F7556}") = "BBDProject.Management.Repositories", "Management\BBDProject.Management.Repositories\BBDProject.Management.Repositories.csproj", "{3D5A036E-4540-4403-AB0C-3154EFE1756A}"
EndProject
Project("{9A19103F-16F7-4668-BE54-9A1E7A4F7556}") = "BBDProject.Management.Models", "Management\BBDProject.Management.Models\BBDProject.Management.Models.csproj", "{950D2167-59DA-4DBA-9FF1-B3052032D35E}"
EndProject
Project("{9A19103F-16F7-4668-BE54-9A1E7A4F7556}") = "BBDProject.Clients.Services", "Clients\BBDProject.Clients.Services\BBDProject.Clients.Services.csproj", "{CB363263-D44E-47E5-9BEC-393492FEFEB8}"
EndProject
Project("{9A19103F-16F7-4668-BE54-9A1E7A4F7556}") = "BBDProject.Clients.WebApp", "Clients\BBDProject.Clients.WebApp\BBDProject.Clients.WebApp.csproj", "{C12B067A-3A4A-4A11-91A3-D60CC79B65CA}"
EndProject
Project("{9A19103F-16F7-4668-BE54-9A1E7A4F7556}") = "BBDProject.Clients.Repositories", "Clients\BBDProject.Clients.Repositories\BBDProject.Clients.Repositories.csproj", "{AF1BBD72-0ECB-404C-A90F-9657E0AF29E6}"
EndProject
Project("{9A19103F-16F7-4668-BE54-9A1E7A4F7556}") = "BBDProject.Clients.Models", "Clients\BBDProject.Clients.Models\BBDProject.Clients.Models.csproj", "{76033EA7-BF43-458E-81CA-7102D13BE3E6}"
EndProject
Project("{9A19103F-16F7-4668-BE54-9A1E7A4F7556}") = "BBDProject.Clients.Db", "Clients\BBDProject.Clients.Db\BBDProject.Clients.Db.csproj", "{8D8C30BD-7E69-424D-AD45-074342F64A16}"
EndProject
Project("{9A19103F-16F7-4668-BE54-9A1E7A4F7556}") = "BBDProject.Management.Db", "Management\BBDProject.Management.Db\BBDProject.Management.Db.csproj", "{61892665-0B7D-474B-953B-9766728201E1}"
EndProject
Project("{9A19103F-16F7-4668-BE54-9A1E7A4F7556}") = "BBDProject.Shared.Utils", "Shared\BBDProject.Shared.Utils\BBDProject.Shared.Utils.csproj", "{819AD588-24D5-48C8-9C6B-6A78C68450CA}"
EndProject
Project("{9A19103F-16F7-4668-BE54-9A1E7A4F7556}") = "BBDProject.Shared.Models", "Shared\BBDProject.Shared.Models\BBDProject.Shared.Models.csproj", "{0543343B-AFF0-4DD7-B6CC-06BD5C038BAC}"
EndProject
Global
	GlobalSection(SolutionConfigurationPlatforms) = preSolution
		Debug|Any CPU = Debug|Any CPU
		Release|Any CPU = Release|Any CPU
	EndGlobalSection
	GlobalSection(ProjectConfigurationPlatforms) = postSolution
		{28DFE801-D271-4F71-A7BC-75D560B59037}.Debug|Any CPU.ActiveCfg = Debug|Any CPU
		{28DFE801-D271-4F71-A7BC-75D560B59037}.Debug|Any CPU.Build.0 = Debug|Any CPU
		{28DFE801-D271-4F71-A7BC-75D560B59037}.Release|Any CPU.ActiveCfg = Release|Any CPU
		{28DFE801-D271-4F71-A7BC-75D560B59037}.Release|Any CPU.Build.0 = Release|Any CPU
		{D2814BD2-08D2-4EAE-9459-2011C480B8E5}.Debug|Any CPU.ActiveCfg = Debug|Any CPU
		{D2814BD2-08D2-4EAE-9459-2011C480B8E5}.Debug|Any CPU.Build.0 = Debug|Any CPU
		{D2814BD2-08D2-4EAE-9459-2011C480B8E5}.Release|Any CPU.ActiveCfg = Release|Any CPU
		{D2814BD2-08D2-4EAE-9459-2011C480B8E5}.Release|Any CPU.Build.0 = Release|Any CPU
		{3D5A036E-4540-4403-AB0C-3154EFE1756A}.Debug|Any CPU.ActiveCfg = Debug|Any CPU
		{3D5A036E-4540-4403-AB0C-3154EFE1756A}.Debug|Any CPU.Build.0 = Debug|Any CPU
		{3D5A036E-4540-4403-AB0C-3154EFE1756A}.Release|Any CPU.ActiveCfg = Release|Any CPU
		{3D5A036E-4540-4403-AB0C-3154EFE1756A}.Release|Any CPU.Build.0 = Release|Any CPU
		{950D2167-59DA-4DBA-9FF1-B3052032D35E}.Debug|Any CPU.ActiveCfg = Debug|Any CPU
		{950D2167-59DA-4DBA-9FF1-B3052032D35E}.Debug|Any CPU.Build.0 = Debug|Any CPU
		{950D2167-59DA-4DBA-9FF1-B3052032D35E}.Release|Any CPU.ActiveCfg = Release|Any CPU
		{950D2167-59DA-4DBA-9FF1-B3052032D35E}.Release|Any CPU.Build.0 = Release|Any CPU
		{CB363263-D44E-47E5-9BEC-393492FEFEB8}.Debug|Any CPU.ActiveCfg = Debug|Any CPU
		{CB363263-D44E-47E5-9BEC-393492FEFEB8}.Debug|Any CPU.Build.0 = Debug|Any CPU
		{CB363263-D44E-47E5-9BEC-393492FEFEB8}.Release|Any CPU.ActiveCfg = Release|Any CPU
		{CB363263-D44E-47E5-9BEC-393492FEFEB8}.Release|Any CPU.Build.0 = Release|Any CPU
		{C12B067A-3A4A-4A11-91A3-D60CC79B65CA}.Debug|Any CPU.ActiveCfg = Debug|Any CPU
		{C12B067A-3A4A-4A11-91A3-D60CC79B65CA}.Debug|Any CPU.Build.0 = Debug|Any CPU
		{C12B067A-3A4A-4A11-91A3-D60CC79B65CA}.Release|Any CPU.ActiveCfg = Release|Any CPU
		{C12B067A-3A4A-4A11-91A3-D60CC79B65CA}.Release|Any CPU.Build.0 = Release|Any CPU
		{AF1BBD72-0ECB-404C-A90F-9657E0AF29E6}.Debug|Any CPU.ActiveCfg = Debug|Any CPU
		{AF1BBD72-0ECB-404C-A90F-9657E0AF29E6}.Debug|Any CPU.Build.0 = Debug|Any CPU
		{AF1BBD72-0ECB-404C-A90F-9657E0AF29E6}.Release|Any CPU.ActiveCfg = Release|Any CPU
		{AF1BBD72-0ECB-404C-A90F-9657E0AF29E6}.Release|Any CPU.Build.0 = Release|Any CPU
		{76033EA7-BF43-458E-81CA-7102D13BE3E6}.Debug|Any CPU.ActiveCfg = Debug|Any CPU
		{76033EA7-BF43-458E-81CA-7102D13BE3E6}.Debug|Any CPU.Build.0 = Debug|Any CPU
		{76033EA7-BF43-458E-81CA-7102D13BE3E6}.Release|Any CPU.ActiveCfg = Release|Any CPU
		{76033EA7-BF43-458E-81CA-7102D13BE3E6}.Release|Any CPU.Build.0 = Release|Any CPU
		{8D8C30BD-7E69-424D-AD45-074342F64A16}.Debug|Any CPU.ActiveCfg = Debug|Any CPU
		{8D8C30BD-7E69-424D-AD45-074342F64A16}.Debug|Any CPU.Build.0 = Debug|Any CPU
		{8D8C30BD-7E69-424D-AD45-074342F64A16}.Release|Any CPU.ActiveCfg = Release|Any CPU
		{8D8C30BD-7E69-424D-AD45-074342F64A16}.Release|Any CPU.Build.0 = Release|Any CPU
		{61892665-0B7D-474B-953B-9766728201E1}.Debug|Any CPU.ActiveCfg = Debug|Any CPU
		{61892665-0B7D-474B-953B-9766728201E1}.Debug|Any CPU.Build.0 = Debug|Any CPU
		{61892665-0B7D-474B-953B-9766728201E1}.Release|Any CPU.ActiveCfg = Release|Any CPU
		{61892665-0B7D-474B-953B-9766728201E1}.Release|Any CPU.Build.0 = Release|Any CPU
		{819AD588-24D5-48C8-9C6B-6A78C68450CA}.Debug|Any CPU.ActiveCfg = Debug|Any CPU
		{819AD588-24D5-48C8-9C6B-6A78C68450CA}.Debug|Any CPU.Build.0 = Debug|Any CPU
		{819AD588-24D5-48C8-9C6B-6A78C68450CA}.Release|Any CPU.ActiveCfg = Release|Any CPU
		{819AD588-24D5-48C8-9C6B-6A78C68450CA}.Release|Any CPU.Build.0 = Release|Any CPU
		{0543343B-AFF0-4DD7-B6CC-06BD5C038BAC}.Debug|Any CPU.ActiveCfg = Debug|Any CPU
		{0543343B-AFF0-4DD7-B6CC-06BD5C038BAC}.Debug|Any CPU.Build.0 = Debug|Any CPU
		{0543343B-AFF0-4DD7-B6CC-06BD5C038BAC}.Release|Any CPU.ActiveCfg = Release|Any CPU
		{0543343B-AFF0-4DD7-B6CC-06BD5C038BAC}.Release|Any CPU.Build.0 = Release|Any CPU
	EndGlobalSection
	GlobalSection(SolutionProperties) = preSolution
		HideSolutionNode = FALSE
	EndGlobalSection
	GlobalSection(NestedProjects) = preSolution
		{28DFE801-D271-4F71-A7BC-75D560B59037} = {D395936B-8DB1-4A0F-A4DD-4BE8D910F20D}
		{D2814BD2-08D2-4EAE-9459-2011C480B8E5} = {D395936B-8DB1-4A0F-A4DD-4BE8D910F20D}
		{3D5A036E-4540-4403-AB0C-3154EFE1756A} = {D395936B-8DB1-4A0F-A4DD-4BE8D910F20D}
		{950D2167-59DA-4DBA-9FF1-B3052032D35E} = {D395936B-8DB1-4A0F-A4DD-4BE8D910F20D}
		{CB363263-D44E-47E5-9BEC-393492FEFEB8} = {E1FC629F-0F17-402D-87B3-22C399ED1A1E}
		{C12B067A-3A4A-4A11-91A3-D60CC79B65CA} = {E1FC629F-0F17-402D-87B3-22C399ED1A1E}
		{AF1BBD72-0ECB-404C-A90F-9657E0AF29E6} = {E1FC629F-0F17-402D-87B3-22C399ED1A1E}
		{76033EA7-BF43-458E-81CA-7102D13BE3E6} = {E1FC629F-0F17-402D-87B3-22C399ED1A1E}
		{8D8C30BD-7E69-424D-AD45-074342F64A16} = {E1FC629F-0F17-402D-87B3-22C399ED1A1E}
		{61892665-0B7D-474B-953B-9766728201E1} = {D395936B-8DB1-4A0F-A4DD-4BE8D910F20D}
		{819AD588-24D5-48C8-9C6B-6A78C68450CA} = {723E211D-5BE9-4B6C-8F9D-CFCAAC8D3F4D}
		{0543343B-AFF0-4DD7-B6CC-06BD5C038BAC} = {723E211D-5BE9-4B6C-8F9D-CFCAAC8D3F4D}
	EndGlobalSection
	GlobalSection(ExtensibilityGlobals) = postSolution
		SolutionGuid = {AF6C61FE-7B5A-49B6-AB8C-C102BA7D164A}
	EndGlobalSection
EndGlobal
